
Microsoft Visual Studio Solution File, Format Version 12.00
# Visual Studio Version 17
VisualStudioVersion = 17.4.33213.308
MinimumVisualStudioVersion = 10.0.40219.1
Project("{FAE04EC0-301F-11D3-BF4B-00C04F79EFBC}") = "Masiro", "Masiro\Masiro.csproj", "{92A446FE-2AB5-4A27-9968-8CA120C11C7C}"
EndProject
Global
	GlobalSection(SolutionConfigurationPlatforms) = preSolution
		Debug|Any CPU = Debug|Any CPU
		Release|Any CPU = Release|Any CPU
	EndGlobalSection
	GlobalSection(ProjectConfigurationPlatforms) = postSolution
		{92A446FE-2AB5-4A27-9968-8CA120C11C7C}.Debug|Any CPU.ActiveCfg = Debug|Any CPU
		{92A446FE-2AB5-4A27-9968-8CA120C11C7C}.Debug|Any CPU.Build.0 = Debug|Any CPU
		{92A446FE-2AB5-4A27-9968-8CA120C11C7C}.Release|Any CPU.ActiveCfg = Release|Any CPU
		{92A446FE-2AB5-4A27-9968-8CA120C11C7C}.Release|Any CPU.Build.0 = Release|Any CPU
	EndGlobalSection
	GlobalSection(SolutionProperties) = preSolution
		HideSolutionNode = FALSE
	EndGlobalSection
	GlobalSection(ExtensibilityGlobals) = postSolution
		SolutionGuid = {4320EF78-9C93-4DFF-A0D1-7AF9F690B705}
	EndGlobalSection
EndGlobal
